// !$*UTF8*$!
{
	archiveVersion = 1;
	classes = {
	};
	objectVersion = 50;
	objects = {

/* Begin PBXBuildFile section */
		BCEB80C425F938C300F6085F /* PayOff2.cpp in Sources */ = {isa = PBXBuildFile; fileRef = BCEB80C325F938C300F6085F /* PayOff2.cpp */; };
		BCEB80CA25F938E100F6085F /* SimpleMC2.cpp in Sources */ = {isa = PBXBuildFile; fileRef = BCEB80C925F938E100F6085F /* SimpleMC2.cpp */; };
		BCEB80CD25F938F200F6085F /* SimpleMCMain5.cpp in Sources */ = {isa = PBXBuildFile; fileRef = BCEB80CC25F938F200F6085F /* SimpleMCMain5.cpp */; };
		BCEB80D925F93A0800F6085F /* Random1.cpp in Sources */ = {isa = PBXBuildFile; fileRef = BCEB80D825F93A0800F6085F /* Random1.cpp */; };
/* End PBXBuildFile section */

/* Begin PBXCopyFilesBuildPhase section */
		BCEB80B625F938A100F6085F /* CopyFiles */ = {
			isa = PBXCopyFilesBuildPhase;
			buildActionMask = 2147483647;
			dstPath = /usr/share/man/man1/;
			dstSubfolderSpec = 0;
			files = (
			);
			runOnlyForDeploymentPostprocessing = 1;
		};
/* End PBXCopyFilesBuildPhase section */

/* Begin PBXFileReference section */
		BCEB80B825F938A100F6085F /* hw2 */ = {isa = PBXFileReference; explicitFileType = "compiled.mach-o.executable"; includeInIndex = 0; path = hw2; sourceTree = BUILT_PRODUCTS_DIR; };
		BCEB80C325F938C300F6085F /* PayOff2.cpp */ = {isa = PBXFileReference; fileEncoding = 4; lastKnownFileType = sourcecode.cpp.cpp; name = PayOff2.cpp; path = ../../reference/source/PayOff2.cpp; sourceTree = "<group>"; };
		BCEB80C925F938E100F6085F /* SimpleMC2.cpp */ = {isa = PBXFileReference; fileEncoding = 4; lastKnownFileType = sourcecode.cpp.cpp; name = SimpleMC2.cpp; path = ../../reference/source/SimpleMC2.cpp; sourceTree = "<group>"; };
		BCEB80CC25F938F200F6085F /* SimpleMCMain5.cpp */ = {isa = PBXFileReference; fileEncoding = 4; lastKnownFileType = sourcecode.cpp.cpp; name = SimpleMCMain5.cpp; path = ../../reference/mains/SimpleMCMain5.cpp; sourceTree = "<group>"; };
		BCEB80D025F9391400F6085F /* SimpleMC2.h */ = {isa = PBXFileReference; lastKnownFileType = sourcecode.c.h; name = SimpleMC2.h; path = ../../reference/include/SimpleMC2.h; sourceTree = "<group>"; };
		BCEB80D125F9391E00F6085F /* Random1.h */ = {isa = PBXFileReference; lastKnownFileType = sourcecode.c.h; name = Random1.h; path = ../../reference/include/Random1.h; sourceTree = "<group>"; };
		BCEB80D225F9392800F6085F /* SimpleMC2.h */ = {isa = PBXFileReference; lastKnownFileType = sourcecode.c.h; name = SimpleMC2.h; path = ../../reference/include/SimpleMC2.h; sourceTree = "<group>"; };
		BCEB80D725F939F100F6085F /* PayOff2.h */ = {isa = PBXFileReference; lastKnownFileType = sourcecode.c.h; name = PayOff2.h; path = ../../reference/include/PayOff2.h; sourceTree = "<group>"; };
		BCEB80D825F93A0800F6085F /* Random1.cpp */ = {isa = PBXFileReference; fileEncoding = 4; lastKnownFileType = sourcecode.cpp.cpp; name = Random1.cpp; path = ../../hw1/Random1.cpp; sourceTree = "<group>"; };
/* End PBXFileReference section */

/* Begin PBXFrameworksBuildPhase section */
		BCEB80B525F938A100F6085F /* Frameworks */ = {
			isa = PBXFrameworksBuildPhase;
			buildActionMask = 2147483647;
			files = (
			);
			runOnlyForDeploymentPostprocessing = 0;
		};
/* End PBXFrameworksBuildPhase section */

/* Begin PBXGroup section */
		BCEB80AF25F938A100F6085F = {
			isa = PBXGroup;
			children = (
				BCEB80BA25F938A100F6085F /* hw3 */,
				BCEB80B925F938A100F6085F /* Products */,
			);
			sourceTree = "<group>";
		};
		BCEB80B925F938A100F6085F /* Products */ = {
			isa = PBXGroup;
			children = (
				BCEB80B825F938A100F6085F /* hw2 */,
			);
			name = Products;
			sourceTree = "<group>";
		};
		BCEB80BA25F938A100F6085F /* hw3 */ = {
			isa = PBXGroup;
			children = (
				BCEB80C325F938C300F6085F /* PayOff2.cpp */,
				BCEB80C925F938E100F6085F /* SimpleMC2.cpp */,
				BCEB80CC25F938F200F6085F /* SimpleMCMain5.cpp */,
				BCEB80D725F939F100F6085F /* PayOff2.h */,
				BCEB80D025F9391400F6085F /* SimpleMC2.h */,
				BCEB80D225F9392800F6085F /* SimpleMC2.h */,
				BCEB80D825F93A0800F6085F /* Random1.cpp */,
				BCEB80D125F9391E00F6085F /* Random1.h */,
			);
			path = hw3;
			sourceTree = "<group>";
		};
/* End PBXGroup section */

/* Begin PBXNativeTarget section */
		BCEB80B725F938A100F6085F /* hw2 */ = {
			isa = PBXNativeTarget;
			buildConfigurationList = BCEB80BF25F938A100F6085F /* Build configuration list for PBXNativeTarget "hw2" */;
			buildPhases = (
				BCEB80B425F938A100F6085F /* Sources */,
				BCEB80B525F938A100F6085F /* Frameworks */,
				BCEB80B625F938A100F6085F /* CopyFiles */,
			);
			buildRules = (
			);
			dependencies = (
			);
			name = hw2;
			productName = hw2;
			productReference = BCEB80B825F938A100F6085F /* hw2 */;
			productType = "com.apple.product-type.tool";
		};
/* End PBXNativeTarget section */

/* Begin PBXProject section */
		BCEB80B025F938A100F6085F /* Project object */ = {
			isa = PBXProject;
			attributes = {
				LastUpgradeCheck = 1240;
				TargetAttributes = {
					BCEB80B725F938A100F6085F = {
						CreatedOnToolsVersion = 12.4;
					};
				};
			};
			buildConfigurationList = BCEB80B325F938A100F6085F /* Build configuration list for PBXProject "hw2" */;
			compatibilityVersion = "Xcode 9.3";
			developmentRegion = en;
			hasScannedForEncodings = 0;
			knownRegions = (
				en,
				Base,
			);
			mainGroup = BCEB80AF25F938A100F6085F;
			productRefGroup = BCEB80B925F938A100F6085F /* Products */;
			projectDirPath = "";
			projectRoot = "";
			targets = (
				BCEB80B725F938A100F6085F /* hw2 */,
			);
		};
/* End PBXProject section */

/* Begin PBXSourcesBuildPhase section */
		BCEB80B425F938A100F6085F /* Sources */ = {
			isa = PBXSourcesBuildPhase;
			buildActionMask = 2147483647;
			files = (
				BCEB80CD25F938F200F6085F /* SimpleMCMain5.cpp in Sources */,
				BCEB80D925F93A0800F6085F /* Random1.cpp in Sources */,
				BCEB80CA25F938E100F6085F /* SimpleMC2.cpp in Sources */,
				BCEB80C425F938C300F6085F /* PayOff2.cpp in Sources */,
			);
			runOnlyForDeploymentPostprocessing = 0;
		};
/* End PBXSourcesBuildPhase section */

/* Begin XCBuildConfiguration section */
		BCEB80BD25F938A100F6085F /* Debug */ = {
			isa = XCBuildConfiguration;
			buildSettings = {
				ALWAYS_SEARCH_USER_PATHS = NO;
				CLANG_ANALYZER_NONNULL = YES;
				CLANG_ANALYZER_NUMBER_OBJECT_CONVERSION = YES_AGGRESSIVE;
				CLANG_CXX_LANGUAGE_STANDARD = "gnu++14";
				CLANG_CXX_LIBRARY = "libc++";
				CLANG_ENABLE_MODULES = YES;
				CLANG_ENABLE_OBJC_ARC = YES;
				CLANG_ENABLE_OBJC_WEAK = YES;
				CLANG_WARN_BLOCK_CAPTURE_AUTORELEASING = YES;
				CLANG_WARN_BOOL_CONVERSION = YES;
				CLANG_WARN_COMMA = YES;
				CLANG_WARN_CONSTANT_CONVERSION = YES;
				CLANG_WARN_DEPRECATED_OBJC_IMPLEMENTATIONS = YES;
				CLANG_WARN_DIRECT_OBJC_ISA_USAGE = YES_ERROR;
				CLANG_WARN_DOCUMENTATION_COMMENTS = YES;
				CLANG_WARN_EMPTY_BODY = YES;
				CLANG_WARN_ENUM_CONVERSION = YES;
				CLANG_WARN_INFINITE_RECURSION = YES;
				CLANG_WARN_INT_CONVERSION = YES;
				CLANG_WARN_NON_LITERAL_NULL_CONVERSION = YES;
				CLANG_WARN_OBJC_IMPLICIT_RETAIN_SELF = YES;
				CLANG_WARN_OBJC_LITERAL_CONVERSION = YES;
				CLANG_WARN_OBJC_ROOT_CLASS = YES_ERROR;
				CLANG_WARN_QUOTED_INCLUDE_IN_FRAMEWORK_HEADER = YES;
				CLANG_WARN_RANGE_LOOP_ANALYSIS = YES;
				CLANG_WARN_STRICT_PROTOTYPES = YES;
				CLANG_WARN_SUSPICIOUS_MOVE = YES;
				CLANG_WARN_UNGUARDED_AVAILABILITY = YES_AGGRESSIVE;
				CLANG_WARN_UNREACHABLE_CODE = YES;
				CLANG_WARN__DUPLICATE_METHOD_MATCH = YES;
				COPY_PHASE_STRIP = NO;
				DEBUG_INFORMATION_FORMAT = dwarf;
				ENABLE_STRICT_OBJC_MSGSEND = YES;
				ENABLE_TESTABILITY = YES;
				GCC_C_LANGUAGE_STANDARD = gnu11;
				GCC_DYNAMIC_NO_PIC = NO;
				GCC_NO_COMMON_BLOCKS = YES;
				GCC_OPTIMIZATION_LEVEL = 0;
				GCC_PREPROCESSOR_DEFINITIONS = (
					"DEBUG=1",
					"$(inherited)",
				);
				GCC_WARN_64_TO_32_BIT_CONVERSION = YES;
				GCC_WARN_ABOUT_RETURN_TYPE = YES_ERROR;
				GCC_WARN_UNDECLARED_SELECTOR = YES;
				GCC_WARN_UNINITIALIZED_AUTOS = YES_AGGRESSIVE;
				GCC_WARN_UNUSED_FUNCTION = YES;
				GCC_WARN_UNUSED_VARIABLE = YES;
				MACOSX_DEPLOYMENT_TARGET = 11.1;
				MTL_ENABLE_DEBUG_INFO = INCLUDE_SOURCE;
				MTL_FAST_MATH = YES;
				ONLY_ACTIVE_ARCH = YES;
				SDKROOT = macosx;
			};
			name = Debug;
		};
		BCEB80BE25F938A100F6085F /* Release */ = {
			isa = XCBuildConfiguration;
			buildSettings = {
				ALWAYS_SEARCH_USER_PATHS = NO;
				CLANG_ANALYZER_NONNULL = YES;
				CLANG_ANALYZER_NUMBER_OBJECT_CONVERSION = YES_AGGRESSIVE;
				CLANG_CXX_LANGUAGE_STANDARD = "gnu++14";
				CLANG_CXX_LIBRARY = "libc++";
				CLANG_ENABLE_MODULES = YES;
				CLANG_ENABLE_OBJC_ARC = YES;
				CLANG_ENABLE_OBJC_WEAK = YES;
				CLANG_WARN_BLOCK_CAPTURE_AUTORELEASING = YES;
				CLANG_WARN_BOOL_CONVERSION = YES;
				CLANG_WARN_COMMA = YES;
				CLANG_WARN_CONSTANT_CONVERSION = YES;
				CLANG_WARN_DEPRECATED_OBJC_IMPLEMENTATIONS = YES;
				CLANG_WARN_DIRECT_OBJC_ISA_USAGE = YES_ERROR;
				CLANG_WARN_DOCUMENTATION_COMMENTS = YES;
				CLANG_WARN_EMPTY_BODY = YES;
				CLANG_WARN_ENUM_CONVERSION = YES;
				CLANG_WARN_INFINITE_RECURSION = YES;
				CLANG_WARN_INT_CONVERSION = YES;
				CLANG_WARN_NON_LITERAL_NULL_CONVERSION = YES;
				CLANG_WARN_OBJC_IMPLICIT_RETAIN_SELF = YES;
				CLANG_WARN_OBJC_LITERAL_CONVERSION = YES;
				CLANG_WARN_OBJC_ROOT_CLASS = YES_ERROR;
				CLANG_WARN_QUOTED_INCLUDE_IN_FRAMEWORK_HEADER = YES;
				CLANG_WARN_RANGE_LOOP_ANALYSIS = YES;
				CLANG_WARN_STRICT_PROTOTYPES = YES;
				CLANG_WARN_SUSPICIOUS_MOVE = YES;
				CLANG_WARN_UNGUARDED_AVAILABILITY = YES_AGGRESSIVE;
				CLANG_WARN_UNREACHABLE_CODE = YES;
				CLANG_WARN__DUPLICATE_METHOD_MATCH = YES;
				COPY_PHASE_STRIP = NO;
				DEBUG_INFORMATION_FORMAT = "dwarf-with-dsym";
				ENABLE_NS_ASSERTIONS = NO;
				ENABLE_STRICT_OBJC_MSGSEND = YES;
				GCC_C_LANGUAGE_STANDARD = gnu11;
				GCC_NO_COMMON_BLOCKS = YES;
				GCC_WARN_64_TO_32_BIT_CONVERSION = YES;
				GCC_WARN_ABOUT_RETURN_TYPE = YES_ERROR;
				GCC_WARN_UNDECLARED_SELECTOR = YES;
				GCC_WARN_UNINITIALIZED_AUTOS = YES_AGGRESSIVE;
				GCC_WARN_UNUSED_FUNCTION = YES;
				GCC_WARN_UNUSED_VARIABLE = YES;
				MACOSX_DEPLOYMENT_TARGET = 11.1;
				MTL_ENABLE_DEBUG_INFO = NO;
				MTL_FAST_MATH = YES;
				SDKROOT = macosx;
			};
			name = Release;
		};
		BCEB80C025F938A100F6085F /* Debug */ = {
			isa = XCBuildConfiguration;
			buildSettings = {
				CODE_SIGN_STYLE = Automatic;
				PRODUCT_NAME = "$(TARGET_NAME)";
			};
			name = Debug;
		};
		BCEB80C125F938A100F6085F /* Release */ = {
			isa = XCBuildConfiguration;
			buildSettings = {
				CODE_SIGN_STYLE = Automatic;
				PRODUCT_NAME = "$(TARGET_NAME)";
			};
			name = Release;
		};
/* End XCBuildConfiguration section */

/* Begin XCConfigurationList section */
		BCEB80B325F938A100F6085F /* Build configuration list for PBXProject "hw2" */ = {
			isa = XCConfigurationList;
			buildConfigurations = (
				BCEB80BD25F938A100F6085F /* Debug */,
				BCEB80BE25F938A100F6085F /* Release */,
			);
			defaultConfigurationIsVisible = 0;
			defaultConfigurationName = Release;
		};
		BCEB80BF25F938A100F6085F /* Build configuration list for PBXNativeTarget "hw2" */ = {
			isa = XCConfigurationList;
			buildConfigurations = (
				BCEB80C025F938A100F6085F /* Debug */,
				BCEB80C125F938A100F6085F /* Release */,
			);
			defaultConfigurationIsVisible = 0;
			defaultConfigurationName = Release;
		};
/* End XCConfigurationList section */
	};
	rootObject = BCEB80B025F938A100F6085F /* Project object */;
}
