// !$*UTF8*$!
{
	archiveVersion = 1;
	classes = {
	};
	objectVersion = 50;
	objects = {

/* Begin PBXBuildFile section */
		BC0F843025C758C900CB1D5A /* main.cpp in Sources */ = {isa = PBXBuildFile; fileRef = BC0F842F25C758C900CB1D5A /* main.cpp */; };
		BCFA27BF25E7029D007D1953 /* PayOff2.cpp in Sources */ = {isa = PBXBuildFile; fileRef = BCFA27BE25E7029D007D1953 /* PayOff2.cpp */; };
		BCFA27C425E70BEB007D1953 /* SimpleMC3.cpp in Sources */ = {isa = PBXBuildFile; fileRef = BCFA27C225E70BEB007D1953 /* SimpleMC3.cpp */; };
		BCFA27CB25E710A1007D1953 /* SimpleMC.cpp in Sources */ = {isa = PBXBuildFile; fileRef = BCFA27C925E710A1007D1953 /* SimpleMC.cpp */; };
		BCFA27CF25E710E4007D1953 /* Random1.cpp in Sources */ = {isa = PBXBuildFile; fileRef = BCFA27CD25E710E4007D1953 /* Random1.cpp */; };
		BCFA27D525E71333007D1953 /* DoubleDigital.cpp in Sources */ = {isa = PBXBuildFile; fileRef = BCFA27D325E71333007D1953 /* DoubleDigital.cpp */; };
/* End PBXBuildFile section */

/* Begin PBXCopyFilesBuildPhase section */
		BCC3443325C26D4B00C5FE6F /* CopyFiles */ = {
			isa = PBXCopyFilesBuildPhase;
			buildActionMask = 2147483647;
			dstPath = /usr/share/man/man1/;
			dstSubfolderSpec = 0;
			files = (
			);
			runOnlyForDeploymentPostprocessing = 1;
		};
/* End PBXCopyFilesBuildPhase section */

/* Begin PBXFileReference section */
		BC0F842F25C758C900CB1D5A /* main.cpp */ = {isa = PBXFileReference; lastKnownFileType = sourcecode.cpp.cpp; path = main.cpp; sourceTree = "<group>"; };
		BCFA27BA25E6D3E5007D1953 /* notes */ = {isa = PBXFileReference; explicitFileType = "compiled.mach-o.executable"; includeInIndex = 0; path = notes; sourceTree = BUILT_PRODUCTS_DIR; };
		BCFA27BD25E6FEFD007D1953 /* PayOff2.h */ = {isa = PBXFileReference; lastKnownFileType = sourcecode.c.h; path = PayOff2.h; sourceTree = "<group>"; };
		BCFA27BE25E7029D007D1953 /* PayOff2.cpp */ = {isa = PBXFileReference; lastKnownFileType = sourcecode.cpp.cpp; path = PayOff2.cpp; sourceTree = "<group>"; };
		BCFA27C225E70BEB007D1953 /* SimpleMC3.cpp */ = {isa = PBXFileReference; lastKnownFileType = sourcecode.cpp.cpp; path = SimpleMC3.cpp; sourceTree = "<group>"; };
		BCFA27C325E70BEB007D1953 /* SimpleMC3.h */ = {isa = PBXFileReference; lastKnownFileType = sourcecode.c.h; path = SimpleMC3.h; sourceTree = "<group>"; };
		BCFA27C925E710A1007D1953 /* SimpleMC.cpp */ = {isa = PBXFileReference; lastKnownFileType = sourcecode.cpp.cpp; path = SimpleMC.cpp; sourceTree = "<group>"; };
		BCFA27CA25E710A1007D1953 /* SimpleMC.h */ = {isa = PBXFileReference; lastKnownFileType = sourcecode.c.h; path = SimpleMC.h; sourceTree = "<group>"; };
		BCFA27CD25E710E4007D1953 /* Random1.cpp */ = {isa = PBXFileReference; lastKnownFileType = sourcecode.cpp.cpp; path = Random1.cpp; sourceTree = "<group>"; };
		BCFA27CE25E710E4007D1953 /* Random1.h */ = {isa = PBXFileReference; lastKnownFileType = sourcecode.c.h; path = Random1.h; sourceTree = "<group>"; };
		BCFA27D325E71333007D1953 /* DoubleDigital.cpp */ = {isa = PBXFileReference; lastKnownFileType = sourcecode.cpp.cpp; path = DoubleDigital.cpp; sourceTree = "<group>"; };
		BCFA27D425E71333007D1953 /* DoubleDigital.h */ = {isa = PBXFileReference; lastKnownFileType = sourcecode.c.h; path = DoubleDigital.h; sourceTree = "<group>"; };
/* End PBXFileReference section */

/* Begin PBXFrameworksBuildPhase section */
		BCC3443225C26D4B00C5FE6F /* Frameworks */ = {
			isa = PBXFrameworksBuildPhase;
			buildActionMask = 2147483647;
			files = (
			);
			runOnlyForDeploymentPostprocessing = 0;
		};
/* End PBXFrameworksBuildPhase section */

/* Begin PBXGroup section */
		BCAACA3F25EC4FB80050188D /* dep */ = {
			isa = PBXGroup;
			children = (
				BCFA27D425E71333007D1953 /* DoubleDigital.h */,
				BCFA27D325E71333007D1953 /* DoubleDigital.cpp */,
			);
			path = dep;
			sourceTree = "<group>";
		};
		BCC3442C25C26D4B00C5FE6F = {
			isa = PBXGroup;
			children = (
				BCC3443725C26D4B00C5FE6F /* notes */,
				BCFA27BA25E6D3E5007D1953 /* notes */,
			);
			sourceTree = "<group>";
		};
		BCC3443725C26D4B00C5FE6F /* notes */ = {
			isa = PBXGroup;
			children = (
				BCAACA3F25EC4FB80050188D /* dep */,
				BCFA27BC25E6FEDF007D1953 /* hw2 */,
				BC0F842F25C758C900CB1D5A /* main.cpp */,
			);
			path = notes;
			sourceTree = "<group>";
		};
		BCFA27BC25E6FEDF007D1953 /* hw2 */ = {
			isa = PBXGroup;
			children = (
				BCFA27BD25E6FEFD007D1953 /* PayOff2.h */,
				BCFA27BE25E7029D007D1953 /* PayOff2.cpp */,
				BCFA27C225E70BEB007D1953 /* SimpleMC3.cpp */,
				BCFA27C325E70BEB007D1953 /* SimpleMC3.h */,
				BCFA27C925E710A1007D1953 /* SimpleMC.cpp */,
				BCFA27CA25E710A1007D1953 /* SimpleMC.h */,
				BCFA27CD25E710E4007D1953 /* Random1.cpp */,
				BCFA27CE25E710E4007D1953 /* Random1.h */,
			);
			path = hw2;
			sourceTree = "<group>";
		};
/* End PBXGroup section */

/* Begin PBXNativeTarget section */
		BCC3443425C26D4B00C5FE6F /* notes */ = {
			isa = PBXNativeTarget;
			buildConfigurationList = BCC3443C25C26D4B00C5FE6F /* Build configuration list for PBXNativeTarget "notes" */;
			buildPhases = (
				BCC3443125C26D4B00C5FE6F /* Sources */,
				BCC3443225C26D4B00C5FE6F /* Frameworks */,
				BCC3443325C26D4B00C5FE6F /* CopyFiles */,
			);
			buildRules = (
			);
			dependencies = (
			);
			name = notes;
			productName = notes;
			productReference = BCFA27BA25E6D3E5007D1953 /* notes */;
			productType = "com.apple.product-type.tool";
		};
/* End PBXNativeTarget section */

/* Begin PBXProject section */
		BCC3442D25C26D4B00C5FE6F /* Project object */ = {
			isa = PBXProject;
			attributes = {
				LastUpgradeCheck = 1240;
				TargetAttributes = {
					BCC3443425C26D4B00C5FE6F = {
						CreatedOnToolsVersion = 12.1;
					};
				};
			};
			buildConfigurationList = BCC3443025C26D4B00C5FE6F /* Build configuration list for PBXProject "notes" */;
			compatibilityVersion = "Xcode 9.3";
			developmentRegion = en;
			hasScannedForEncodings = 0;
			knownRegions = (
				en,
				Base,
			);
			mainGroup = BCC3442C25C26D4B00C5FE6F;
			productRefGroup = BCC3442C25C26D4B00C5FE6F;
			projectDirPath = "";
			projectRoot = "";
			targets = (
				BCC3443425C26D4B00C5FE6F /* notes */,
			);
		};
/* End PBXProject section */

/* Begin PBXSourcesBuildPhase section */
		BCC3443125C26D4B00C5FE6F /* Sources */ = {
			isa = PBXSourcesBuildPhase;
			buildActionMask = 2147483647;
			files = (
				BCFA27BF25E7029D007D1953 /* PayOff2.cpp in Sources */,
				BCFA27D525E71333007D1953 /* DoubleDigital.cpp in Sources */,
				BCFA27CF25E710E4007D1953 /* Random1.cpp in Sources */,
				BC0F843025C758C900CB1D5A /* main.cpp in Sources */,
				BCFA27C425E70BEB007D1953 /* SimpleMC3.cpp in Sources */,
				BCFA27CB25E710A1007D1953 /* SimpleMC.cpp in Sources */,
			);
			runOnlyForDeploymentPostprocessing = 0;
		};
/* End PBXSourcesBuildPhase section */

/* Begin XCBuildConfiguration section */
		BCC3443A25C26D4B00C5FE6F /* Debug */ = {
			isa = XCBuildConfiguration;
			buildSettings = {
				ALWAYS_SEARCH_USER_PATHS = NO;
				CLANG_ANALYZER_NONNULL = YES;
				CLANG_ANALYZER_NUMBER_OBJECT_CONVERSION = YES_AGGRESSIVE;
				CLANG_CXX_LANGUAGE_STANDARD = "gnu++14";
				CLANG_CXX_LIBRARY = "libc++";
				CLANG_ENABLE_MODULES = YES;
				CLANG_ENABLE_OBJC_ARC = YES;
				CLANG_ENABLE_OBJC_WEAK = YES;
				CLANG_WARN_BLOCK_CAPTURE_AUTORELEASING = YES;
				CLANG_WARN_BOOL_CONVERSION = YES;
				CLANG_WARN_COMMA = YES;
				CLANG_WARN_CONSTANT_CONVERSION = YES;
				CLANG_WARN_DEPRECATED_OBJC_IMPLEMENTATIONS = YES;
				CLANG_WARN_DIRECT_OBJC_ISA_USAGE = YES_ERROR;
				CLANG_WARN_DOCUMENTATION_COMMENTS = YES;
				CLANG_WARN_EMPTY_BODY = YES;
				CLANG_WARN_ENUM_CONVERSION = YES;
				CLANG_WARN_INFINITE_RECURSION = YES;
				CLANG_WARN_INT_CONVERSION = YES;
				CLANG_WARN_NON_LITERAL_NULL_CONVERSION = YES;
				CLANG_WARN_OBJC_IMPLICIT_RETAIN_SELF = YES;
				CLANG_WARN_OBJC_LITERAL_CONVERSION = YES;
				CLANG_WARN_OBJC_ROOT_CLASS = YES_ERROR;
				CLANG_WARN_QUOTED_INCLUDE_IN_FRAMEWORK_HEADER = YES;
				CLANG_WARN_RANGE_LOOP_ANALYSIS = YES;
				CLANG_WARN_STRICT_PROTOTYPES = YES;
				CLANG_WARN_SUSPICIOUS_MOVE = YES;
				CLANG_WARN_UNGUARDED_AVAILABILITY = YES_AGGRESSIVE;
				CLANG_WARN_UNREACHABLE_CODE = YES;
				CLANG_WARN__DUPLICATE_METHOD_MATCH = YES;
				COPY_PHASE_STRIP = NO;
				DEBUG_INFORMATION_FORMAT = dwarf;
				ENABLE_STRICT_OBJC_MSGSEND = YES;
				ENABLE_TESTABILITY = YES;
				GCC_C_LANGUAGE_STANDARD = gnu11;
				GCC_DYNAMIC_NO_PIC = NO;
				GCC_NO_COMMON_BLOCKS = YES;
				GCC_OPTIMIZATION_LEVEL = 0;
				GCC_PREPROCESSOR_DEFINITIONS = (
					"DEBUG=1",
					"$(inherited)",
				);
				GCC_WARN_64_TO_32_BIT_CONVERSION = YES;
				GCC_WARN_ABOUT_RETURN_TYPE = YES_ERROR;
				GCC_WARN_UNDECLARED_SELECTOR = YES;
				GCC_WARN_UNINITIALIZED_AUTOS = YES_AGGRESSIVE;
				GCC_WARN_UNUSED_FUNCTION = YES;
				GCC_WARN_UNUSED_VARIABLE = YES;
				MACOSX_DEPLOYMENT_TARGET = 10.15;
				MTL_ENABLE_DEBUG_INFO = INCLUDE_SOURCE;
				MTL_FAST_MATH = YES;
				ONLY_ACTIVE_ARCH = YES;
				SDKROOT = macosx;
			};
			name = Debug;
		};
		BCC3443B25C26D4B00C5FE6F /* Release */ = {
			isa = XCBuildConfiguration;
			buildSettings = {
				ALWAYS_SEARCH_USER_PATHS = NO;
				CLANG_ANALYZER_NONNULL = YES;
				CLANG_ANALYZER_NUMBER_OBJECT_CONVERSION = YES_AGGRESSIVE;
				CLANG_CXX_LANGUAGE_STANDARD = "gnu++14";
				CLANG_CXX_LIBRARY = "libc++";
				CLANG_ENABLE_MODULES = YES;
				CLANG_ENABLE_OBJC_ARC = YES;
				CLANG_ENABLE_OBJC_WEAK = YES;
				CLANG_WARN_BLOCK_CAPTURE_AUTORELEASING = YES;
				CLANG_WARN_BOOL_CONVERSION = YES;
				CLANG_WARN_COMMA = YES;
				CLANG_WARN_CONSTANT_CONVERSION = YES;
				CLANG_WARN_DEPRECATED_OBJC_IMPLEMENTATIONS = YES;
				CLANG_WARN_DIRECT_OBJC_ISA_USAGE = YES_ERROR;
				CLANG_WARN_DOCUMENTATION_COMMENTS = YES;
				CLANG_WARN_EMPTY_BODY = YES;
				CLANG_WARN_ENUM_CONVERSION = YES;
				CLANG_WARN_INFINITE_RECURSION = YES;
				CLANG_WARN_INT_CONVERSION = YES;
				CLANG_WARN_NON_LITERAL_NULL_CONVERSION = YES;
				CLANG_WARN_OBJC_IMPLICIT_RETAIN_SELF = YES;
				CLANG_WARN_OBJC_LITERAL_CONVERSION = YES;
				CLANG_WARN_OBJC_ROOT_CLASS = YES_ERROR;
				CLANG_WARN_QUOTED_INCLUDE_IN_FRAMEWORK_HEADER = YES;
				CLANG_WARN_RANGE_LOOP_ANALYSIS = YES;
				CLANG_WARN_STRICT_PROTOTYPES = YES;
				CLANG_WARN_SUSPICIOUS_MOVE = YES;
				CLANG_WARN_UNGUARDED_AVAILABILITY = YES_AGGRESSIVE;
				CLANG_WARN_UNREACHABLE_CODE = YES;
				CLANG_WARN__DUPLICATE_METHOD_MATCH = YES;
				COPY_PHASE_STRIP = NO;
				DEBUG_INFORMATION_FORMAT = "dwarf-with-dsym";
				ENABLE_NS_ASSERTIONS = NO;
				ENABLE_STRICT_OBJC_MSGSEND = YES;
				GCC_C_LANGUAGE_STANDARD = gnu11;
				GCC_NO_COMMON_BLOCKS = YES;
				GCC_WARN_64_TO_32_BIT_CONVERSION = YES;
				GCC_WARN_ABOUT_RETURN_TYPE = YES_ERROR;
				GCC_WARN_UNDECLARED_SELECTOR = YES;
				GCC_WARN_UNINITIALIZED_AUTOS = YES_AGGRESSIVE;
				GCC_WARN_UNUSED_FUNCTION = YES;
				GCC_WARN_UNUSED_VARIABLE = YES;
				MACOSX_DEPLOYMENT_TARGET = 10.15;
				MTL_ENABLE_DEBUG_INFO = NO;
				MTL_FAST_MATH = YES;
				SDKROOT = macosx;
			};
			name = Release;
		};
		BCC3443D25C26D4B00C5FE6F /* Debug */ = {
			isa = XCBuildConfiguration;
			buildSettings = {
				CODE_SIGN_IDENTITY = "-";
				CODE_SIGN_STYLE = Automatic;
				PRODUCT_NAME = "$(TARGET_NAME)";
			};
			name = Debug;
		};
		BCC3443E25C26D4B00C5FE6F /* Release */ = {
			isa = XCBuildConfiguration;
			buildSettings = {
				CODE_SIGN_IDENTITY = "-";
				CODE_SIGN_STYLE = Automatic;
				PRODUCT_NAME = "$(TARGET_NAME)";
			};
			name = Release;
		};
/* End XCBuildConfiguration section */

/* Begin XCConfigurationList section */
		BCC3443025C26D4B00C5FE6F /* Build configuration list for PBXProject "notes" */ = {
			isa = XCConfigurationList;
			buildConfigurations = (
				BCC3443A25C26D4B00C5FE6F /* Debug */,
				BCC3443B25C26D4B00C5FE6F /* Release */,
			);
			defaultConfigurationIsVisible = 0;
			defaultConfigurationName = Release;
		};
		BCC3443C25C26D4B00C5FE6F /* Build configuration list for PBXNativeTarget "notes" */ = {
			isa = XCConfigurationList;
			buildConfigurations = (
				BCC3443D25C26D4B00C5FE6F /* Debug */,
				BCC3443E25C26D4B00C5FE6F /* Release */,
			);
			defaultConfigurationIsVisible = 0;
			defaultConfigurationName = Release;
		};
/* End XCConfigurationList section */
	};
	rootObject = BCC3442D25C26D4B00C5FE6F /* Project object */;
}
