// !$*UTF8*$!
{
	archiveVersion = 1;
	classes = {
	};
	objectVersion = 50;
	objects = {

/* Begin PBXBuildFile section */
		BC04B02E2614AEF70068F7D2 /* SimpleMC7.h in Sources */ = {isa = PBXBuildFile; fileRef = BC04B02D2614AEF70068F7D2 /* SimpleMC7.h */; };
		BC04B0372614AF210068F7D2 /* MCStatistics.cpp in Sources */ = {isa = PBXBuildFile; fileRef = BC04B0352614AF210068F7D2 /* MCStatistics.cpp */; };
		BC04B03C2614AFAE0068F7D2 /* SimpleMC7.cpp in Sources */ = {isa = PBXBuildFile; fileRef = BC04B03B2614AFAE0068F7D2 /* SimpleMC7.cpp */; };
		BC04B0472614B0460068F7D2 /* ConvergenceTable.cpp in Sources */ = {isa = PBXBuildFile; fileRef = BC04B0452614B0460068F7D2 /* ConvergenceTable.cpp */; };
		BC04B04B2614B0910068F7D2 /* StatsMain2.cpp in Sources */ = {isa = PBXBuildFile; fileRef = BC04B04A2614B0910068F7D2 /* StatsMain2.cpp */; };
		BC04B0502614B0FA0068F7D2 /* Vanilla3.cpp in Sources */ = {isa = PBXBuildFile; fileRef = BC04B04E2614B0FA0068F7D2 /* Vanilla3.cpp */; };
		BC04B0542614B1250068F7D2 /* PayOffBridge.cpp in Sources */ = {isa = PBXBuildFile; fileRef = BC04B0522614B1250068F7D2 /* PayOffBridge.cpp */; };
		BC04B05A2614B1FA0068F7D2 /* Parameters.cpp in Sources */ = {isa = PBXBuildFile; fileRef = BC04B0582614B1FA0068F7D2 /* Parameters.cpp */; };
		BC04B05E2614B2340068F7D2 /* PayOff3.cpp in Sources */ = {isa = PBXBuildFile; fileRef = BC04B05C2614B2340068F7D2 /* PayOff3.cpp */; };
		BC04B0632614B2C00068F7D2 /* Random1.cpp in Sources */ = {isa = PBXBuildFile; fileRef = BC04B0612614B2C00068F7D2 /* Random1.cpp */; };
/* End PBXBuildFile section */

/* Begin PBXCopyFilesBuildPhase section */
		BC04B0282614AEF70068F7D2 /* CopyFiles */ = {
			isa = PBXCopyFilesBuildPhase;
			buildActionMask = 2147483647;
			dstPath = /usr/share/man/man1/;
			dstSubfolderSpec = 0;
			files = (
			);
			runOnlyForDeploymentPostprocessing = 1;
		};
/* End PBXCopyFilesBuildPhase section */

/* Begin PBXFileReference section */
		BC04B02A2614AEF70068F7D2 /* hw5 */ = {isa = PBXFileReference; explicitFileType = "compiled.mach-o.executable"; includeInIndex = 0; path = hw5; sourceTree = BUILT_PRODUCTS_DIR; };
		BC04B02D2614AEF70068F7D2 /* SimpleMC7.h */ = {isa = PBXFileReference; lastKnownFileType = sourcecode.c.h; path = SimpleMC7.h; sourceTree = "<group>"; };
		BC04B0352614AF210068F7D2 /* MCStatistics.cpp */ = {isa = PBXFileReference; lastKnownFileType = sourcecode.cpp.cpp; path = MCStatistics.cpp; sourceTree = "<group>"; };
		BC04B0362614AF210068F7D2 /* MCStatistics.h */ = {isa = PBXFileReference; lastKnownFileType = sourcecode.c.h; path = MCStatistics.h; sourceTree = "<group>"; };
		BC04B03B2614AFAE0068F7D2 /* SimpleMC7.cpp */ = {isa = PBXFileReference; lastKnownFileType = sourcecode.cpp.cpp; path = SimpleMC7.cpp; sourceTree = "<group>"; };
		BC04B0422614B0060068F7D2 /* Wrapper.h */ = {isa = PBXFileReference; lastKnownFileType = sourcecode.c.h; path = Wrapper.h; sourceTree = "<group>"; };
		BC04B0452614B0460068F7D2 /* ConvergenceTable.cpp */ = {isa = PBXFileReference; lastKnownFileType = sourcecode.cpp.cpp; path = ConvergenceTable.cpp; sourceTree = "<group>"; };
		BC04B0462614B0460068F7D2 /* ConvergenceTable.h */ = {isa = PBXFileReference; lastKnownFileType = sourcecode.c.h; path = ConvergenceTable.h; sourceTree = "<group>"; };
		BC04B04A2614B0910068F7D2 /* StatsMain2.cpp */ = {isa = PBXFileReference; lastKnownFileType = sourcecode.cpp.cpp; path = StatsMain2.cpp; sourceTree = "<group>"; };
		BC04B04E2614B0FA0068F7D2 /* Vanilla3.cpp */ = {isa = PBXFileReference; lastKnownFileType = sourcecode.cpp.cpp; path = Vanilla3.cpp; sourceTree = "<group>"; };
		BC04B04F2614B0FA0068F7D2 /* Vanilla3.h */ = {isa = PBXFileReference; lastKnownFileType = sourcecode.c.h; path = Vanilla3.h; sourceTree = "<group>"; };
		BC04B0522614B1250068F7D2 /* PayOffBridge.cpp */ = {isa = PBXFileReference; lastKnownFileType = sourcecode.cpp.cpp; path = PayOffBridge.cpp; sourceTree = "<group>"; };
		BC04B0532614B1250068F7D2 /* PayOffBridge.h */ = {isa = PBXFileReference; lastKnownFileType = sourcecode.c.h; path = PayOffBridge.h; sourceTree = "<group>"; };
		BC04B0582614B1FA0068F7D2 /* Parameters.cpp */ = {isa = PBXFileReference; lastKnownFileType = sourcecode.cpp.cpp; path = Parameters.cpp; sourceTree = "<group>"; };
		BC04B0592614B1FA0068F7D2 /* Parameters.h */ = {isa = PBXFileReference; lastKnownFileType = sourcecode.c.h; path = Parameters.h; sourceTree = "<group>"; };
		BC04B05C2614B2340068F7D2 /* PayOff3.cpp */ = {isa = PBXFileReference; lastKnownFileType = sourcecode.cpp.cpp; path = PayOff3.cpp; sourceTree = "<group>"; };
		BC04B05D2614B2340068F7D2 /* PayOff3.h */ = {isa = PBXFileReference; lastKnownFileType = sourcecode.c.h; path = PayOff3.h; sourceTree = "<group>"; };
		BC04B0612614B2C00068F7D2 /* Random1.cpp */ = {isa = PBXFileReference; lastKnownFileType = sourcecode.cpp.cpp; path = Random1.cpp; sourceTree = "<group>"; };
		BC04B0622614B2C00068F7D2 /* Random1.h */ = {isa = PBXFileReference; lastKnownFileType = sourcecode.c.h; path = Random1.h; sourceTree = "<group>"; };
/* End PBXFileReference section */

/* Begin PBXFrameworksBuildPhase section */
		BC04B0272614AEF70068F7D2 /* Frameworks */ = {
			isa = PBXFrameworksBuildPhase;
			buildActionMask = 2147483647;
			files = (
			);
			runOnlyForDeploymentPostprocessing = 0;
		};
/* End PBXFrameworksBuildPhase section */

/* Begin PBXGroup section */
		BC04B0212614AEF70068F7D2 = {
			isa = PBXGroup;
			children = (
				BC04B02C2614AEF70068F7D2 /* hw5 */,
				BC04B02B2614AEF70068F7D2 /* Products */,
			);
			sourceTree = "<group>";
		};
		BC04B02B2614AEF70068F7D2 /* Products */ = {
			isa = PBXGroup;
			children = (
				BC04B02A2614AEF70068F7D2 /* hw5 */,
			);
			name = Products;
			sourceTree = "<group>";
		};
		BC04B02C2614AEF70068F7D2 /* hw5 */ = {
			isa = PBXGroup;
			children = (
				BC04B02D2614AEF70068F7D2 /* SimpleMC7.h */,
				BC04B0352614AF210068F7D2 /* MCStatistics.cpp */,
				BC04B0362614AF210068F7D2 /* MCStatistics.h */,
				BC04B03B2614AFAE0068F7D2 /* SimpleMC7.cpp */,
				BC04B0422614B0060068F7D2 /* Wrapper.h */,
				BC04B0452614B0460068F7D2 /* ConvergenceTable.cpp */,
				BC04B0462614B0460068F7D2 /* ConvergenceTable.h */,
				BC04B04A2614B0910068F7D2 /* StatsMain2.cpp */,
				BC04B04E2614B0FA0068F7D2 /* Vanilla3.cpp */,
				BC04B04F2614B0FA0068F7D2 /* Vanilla3.h */,
				BC04B0522614B1250068F7D2 /* PayOffBridge.cpp */,
				BC04B0532614B1250068F7D2 /* PayOffBridge.h */,
				BC04B0582614B1FA0068F7D2 /* Parameters.cpp */,
				BC04B0592614B1FA0068F7D2 /* Parameters.h */,
				BC04B05C2614B2340068F7D2 /* PayOff3.cpp */,
				BC04B05D2614B2340068F7D2 /* PayOff3.h */,
				BC04B0612614B2C00068F7D2 /* Random1.cpp */,
				BC04B0622614B2C00068F7D2 /* Random1.h */,
			);
			path = hw5;
			sourceTree = "<group>";
		};
/* End PBXGroup section */

/* Begin PBXNativeTarget section */
		BC04B0292614AEF70068F7D2 /* hw5 */ = {
			isa = PBXNativeTarget;
			buildConfigurationList = BC04B0312614AEF70068F7D2 /* Build configuration list for PBXNativeTarget "hw5" */;
			buildPhases = (
				BC04B0262614AEF70068F7D2 /* Sources */,
				BC04B0272614AEF70068F7D2 /* Frameworks */,
				BC04B0282614AEF70068F7D2 /* CopyFiles */,
			);
			buildRules = (
			);
			dependencies = (
			);
			name = hw5;
			productName = hw5;
			productReference = BC04B02A2614AEF70068F7D2 /* hw5 */;
			productType = "com.apple.product-type.tool";
		};
/* End PBXNativeTarget section */

/* Begin PBXProject section */
		BC04B0222614AEF70068F7D2 /* Project object */ = {
			isa = PBXProject;
			attributes = {
				LastUpgradeCheck = 1240;
				TargetAttributes = {
					BC04B0292614AEF70068F7D2 = {
						CreatedOnToolsVersion = 12.4;
					};
				};
			};
			buildConfigurationList = BC04B0252614AEF70068F7D2 /* Build configuration list for PBXProject "hw5" */;
			compatibilityVersion = "Xcode 9.3";
			developmentRegion = en;
			hasScannedForEncodings = 0;
			knownRegions = (
				en,
				Base,
			);
			mainGroup = BC04B0212614AEF70068F7D2;
			productRefGroup = BC04B02B2614AEF70068F7D2 /* Products */;
			projectDirPath = "";
			projectRoot = "";
			targets = (
				BC04B0292614AEF70068F7D2 /* hw5 */,
			);
		};
/* End PBXProject section */

/* Begin PBXSourcesBuildPhase section */
		BC04B0262614AEF70068F7D2 /* Sources */ = {
			isa = PBXSourcesBuildPhase;
			buildActionMask = 2147483647;
			files = (
				BC04B0632614B2C00068F7D2 /* Random1.cpp in Sources */,
				BC04B0372614AF210068F7D2 /* MCStatistics.cpp in Sources */,
				BC04B05E2614B2340068F7D2 /* PayOff3.cpp in Sources */,
				BC04B02E2614AEF70068F7D2 /* SimpleMC7.h in Sources */,
				BC04B05A2614B1FA0068F7D2 /* Parameters.cpp in Sources */,
				BC04B0472614B0460068F7D2 /* ConvergenceTable.cpp in Sources */,
				BC04B03C2614AFAE0068F7D2 /* SimpleMC7.cpp in Sources */,
				BC04B04B2614B0910068F7D2 /* StatsMain2.cpp in Sources */,
				BC04B0502614B0FA0068F7D2 /* Vanilla3.cpp in Sources */,
				BC04B0542614B1250068F7D2 /* PayOffBridge.cpp in Sources */,
			);
			runOnlyForDeploymentPostprocessing = 0;
		};
/* End PBXSourcesBuildPhase section */

/* Begin XCBuildConfiguration section */
		BC04B02F2614AEF70068F7D2 /* Debug */ = {
			isa = XCBuildConfiguration;
			buildSettings = {
				ALWAYS_SEARCH_USER_PATHS = NO;
				CLANG_ANALYZER_NONNULL = YES;
				CLANG_ANALYZER_NUMBER_OBJECT_CONVERSION = YES_AGGRESSIVE;
				CLANG_CXX_LANGUAGE_STANDARD = "gnu++14";
				CLANG_CXX_LIBRARY = "libc++";
				CLANG_ENABLE_MODULES = YES;
				CLANG_ENABLE_OBJC_ARC = YES;
				CLANG_ENABLE_OBJC_WEAK = YES;
				CLANG_WARN_BLOCK_CAPTURE_AUTORELEASING = YES;
				CLANG_WARN_BOOL_CONVERSION = YES;
				CLANG_WARN_COMMA = YES;
				CLANG_WARN_CONSTANT_CONVERSION = YES;
				CLANG_WARN_DEPRECATED_OBJC_IMPLEMENTATIONS = YES;
				CLANG_WARN_DIRECT_OBJC_ISA_USAGE = YES_ERROR;
				CLANG_WARN_DOCUMENTATION_COMMENTS = YES;
				CLANG_WARN_EMPTY_BODY = YES;
				CLANG_WARN_ENUM_CONVERSION = YES;
				CLANG_WARN_INFINITE_RECURSION = YES;
				CLANG_WARN_INT_CONVERSION = YES;
				CLANG_WARN_NON_LITERAL_NULL_CONVERSION = YES;
				CLANG_WARN_OBJC_IMPLICIT_RETAIN_SELF = YES;
				CLANG_WARN_OBJC_LITERAL_CONVERSION = YES;
				CLANG_WARN_OBJC_ROOT_CLASS = YES_ERROR;
				CLANG_WARN_QUOTED_INCLUDE_IN_FRAMEWORK_HEADER = YES;
				CLANG_WARN_RANGE_LOOP_ANALYSIS = YES;
				CLANG_WARN_STRICT_PROTOTYPES = YES;
				CLANG_WARN_SUSPICIOUS_MOVE = YES;
				CLANG_WARN_UNGUARDED_AVAILABILITY = YES_AGGRESSIVE;
				CLANG_WARN_UNREACHABLE_CODE = YES;
				CLANG_WARN__DUPLICATE_METHOD_MATCH = YES;
				COPY_PHASE_STRIP = NO;
				DEBUG_INFORMATION_FORMAT = dwarf;
				ENABLE_STRICT_OBJC_MSGSEND = YES;
				ENABLE_TESTABILITY = YES;
				GCC_C_LANGUAGE_STANDARD = gnu11;
				GCC_DYNAMIC_NO_PIC = NO;
				GCC_NO_COMMON_BLOCKS = YES;
				GCC_OPTIMIZATION_LEVEL = 0;
				GCC_PREPROCESSOR_DEFINITIONS = (
					"DEBUG=1",
					"$(inherited)",
				);
				GCC_WARN_64_TO_32_BIT_CONVERSION = YES;
				GCC_WARN_ABOUT_RETURN_TYPE = YES_ERROR;
				GCC_WARN_UNDECLARED_SELECTOR = YES;
				GCC_WARN_UNINITIALIZED_AUTOS = YES_AGGRESSIVE;
				GCC_WARN_UNUSED_FUNCTION = YES;
				GCC_WARN_UNUSED_VARIABLE = YES;
				MACOSX_DEPLOYMENT_TARGET = 11.1;
				MTL_ENABLE_DEBUG_INFO = INCLUDE_SOURCE;
				MTL_FAST_MATH = YES;
				ONLY_ACTIVE_ARCH = YES;
				SDKROOT = macosx;
			};
			name = Debug;
		};
		BC04B0302614AEF70068F7D2 /* Release */ = {
			isa = XCBuildConfiguration;
			buildSettings = {
				ALWAYS_SEARCH_USER_PATHS = NO;
				CLANG_ANALYZER_NONNULL = YES;
				CLANG_ANALYZER_NUMBER_OBJECT_CONVERSION = YES_AGGRESSIVE;
				CLANG_CXX_LANGUAGE_STANDARD = "gnu++14";
				CLANG_CXX_LIBRARY = "libc++";
				CLANG_ENABLE_MODULES = YES;
				CLANG_ENABLE_OBJC_ARC = YES;
				CLANG_ENABLE_OBJC_WEAK = YES;
				CLANG_WARN_BLOCK_CAPTURE_AUTORELEASING = YES;
				CLANG_WARN_BOOL_CONVERSION = YES;
				CLANG_WARN_COMMA = YES;
				CLANG_WARN_CONSTANT_CONVERSION = YES;
				CLANG_WARN_DEPRECATED_OBJC_IMPLEMENTATIONS = YES;
				CLANG_WARN_DIRECT_OBJC_ISA_USAGE = YES_ERROR;
				CLANG_WARN_DOCUMENTATION_COMMENTS = YES;
				CLANG_WARN_EMPTY_BODY = YES;
				CLANG_WARN_ENUM_CONVERSION = YES;
				CLANG_WARN_INFINITE_RECURSION = YES;
				CLANG_WARN_INT_CONVERSION = YES;
				CLANG_WARN_NON_LITERAL_NULL_CONVERSION = YES;
				CLANG_WARN_OBJC_IMPLICIT_RETAIN_SELF = YES;
				CLANG_WARN_OBJC_LITERAL_CONVERSION = YES;
				CLANG_WARN_OBJC_ROOT_CLASS = YES_ERROR;
				CLANG_WARN_QUOTED_INCLUDE_IN_FRAMEWORK_HEADER = YES;
				CLANG_WARN_RANGE_LOOP_ANALYSIS = YES;
				CLANG_WARN_STRICT_PROTOTYPES = YES;
				CLANG_WARN_SUSPICIOUS_MOVE = YES;
				CLANG_WARN_UNGUARDED_AVAILABILITY = YES_AGGRESSIVE;
				CLANG_WARN_UNREACHABLE_CODE = YES;
				CLANG_WARN__DUPLICATE_METHOD_MATCH = YES;
				COPY_PHASE_STRIP = NO;
				DEBUG_INFORMATION_FORMAT = "dwarf-with-dsym";
				ENABLE_NS_ASSERTIONS = NO;
				ENABLE_STRICT_OBJC_MSGSEND = YES;
				GCC_C_LANGUAGE_STANDARD = gnu11;
				GCC_NO_COMMON_BLOCKS = YES;
				GCC_WARN_64_TO_32_BIT_CONVERSION = YES;
				GCC_WARN_ABOUT_RETURN_TYPE = YES_ERROR;
				GCC_WARN_UNDECLARED_SELECTOR = YES;
				GCC_WARN_UNINITIALIZED_AUTOS = YES_AGGRESSIVE;
				GCC_WARN_UNUSED_FUNCTION = YES;
				GCC_WARN_UNUSED_VARIABLE = YES;
				MACOSX_DEPLOYMENT_TARGET = 11.1;
				MTL_ENABLE_DEBUG_INFO = NO;
				MTL_FAST_MATH = YES;
				SDKROOT = macosx;
			};
			name = Release;
		};
		BC04B0322614AEF70068F7D2 /* Debug */ = {
			isa = XCBuildConfiguration;
			buildSettings = {
				CODE_SIGN_STYLE = Automatic;
				PRODUCT_NAME = "$(TARGET_NAME)";
			};
			name = Debug;
		};
		BC04B0332614AEF70068F7D2 /* Release */ = {
			isa = XCBuildConfiguration;
			buildSettings = {
				CODE_SIGN_STYLE = Automatic;
				PRODUCT_NAME = "$(TARGET_NAME)";
			};
			name = Release;
		};
/* End XCBuildConfiguration section */

/* Begin XCConfigurationList section */
		BC04B0252614AEF70068F7D2 /* Build configuration list for PBXProject "hw5" */ = {
			isa = XCConfigurationList;
			buildConfigurations = (
				BC04B02F2614AEF70068F7D2 /* Debug */,
				BC04B0302614AEF70068F7D2 /* Release */,
			);
			defaultConfigurationIsVisible = 0;
			defaultConfigurationName = Release;
		};
		BC04B0312614AEF70068F7D2 /* Build configuration list for PBXNativeTarget "hw5" */ = {
			isa = XCConfigurationList;
			buildConfigurations = (
				BC04B0322614AEF70068F7D2 /* Debug */,
				BC04B0332614AEF70068F7D2 /* Release */,
			);
			defaultConfigurationIsVisible = 0;
			defaultConfigurationName = Release;
		};
/* End XCConfigurationList section */
	};
	rootObject = BC04B0222614AEF70068F7D2 /* Project object */;
}
